
Microsoft Visual Studio Solution File, Format Version 12.00
# Visual Studio Version 17
VisualStudioVersion = 17.2.32210.308
MinimumVisualStudioVersion = 10.0.40219.1
Project("{9A19103F-16F7-4668-BE54-9A1E7A4F7556}") = "izolabella.FatSecret.NET", "izolabella.FatSecret.NET.csproj", "{8C98DDB8-88D6-4D55-8886-0C1BDB070733}"
EndProject
Global
	GlobalSection(SolutionConfigurationPlatforms) = preSolution
		Debug|Any CPU = Debug|Any CPU
		Release|Any CPU = Release|Any CPU
	EndGlobalSection
	GlobalSection(ProjectConfigurationPlatforms) = postSolution
		{8C98DDB8-88D6-4D55-8886-0C1BDB070733}.Debug|Any CPU.ActiveCfg = Debug|Any CPU
		{8C98DDB8-88D6-4D55-8886-0C1BDB070733}.Debug|Any CPU.Build.0 = Debug|Any CPU
		{8C98DDB8-88D6-4D55-8886-0C1BDB070733}.Release|Any CPU.ActiveCfg = Release|Any CPU
		{8C98DDB8-88D6-4D55-8886-0C1BDB070733}.Release|Any CPU.Build.0 = Release|Any CPU
	EndGlobalSection
	GlobalSection(SolutionProperties) = preSolution
		HideSolutionNode = FALSE
	EndGlobalSection
	GlobalSection(ExtensibilityGlobals) = postSolution
		SolutionGuid = {5DE3ADC8-361A-4F4D-97AB-B8AA3F3F1551}
	EndGlobalSection
EndGlobal
